
Microsoft Visual Studio Solution File, Format Version 12.00
# Visual Studio Version 16
VisualStudioVersion = 16.0.31911.196
MinimumVisualStudioVersion = 10.0.40219.1
Project("{FAE04EC0-301F-11D3-BF4B-00C04F79EFBC}") = "SantaShop", "SantaShop.csproj", "{9754BF38-9800-4FA8-B069-835CD9D0E4D6}"
EndProject
Project("{FAE04EC0-301F-11D3-BF4B-00C04F79EFBC}") = "Storage", "..\Storage\Storage.csproj", "{4F2C3232-0C46-494E-8911-E58C11B78500}"
EndProject
Project("{FAE04EC0-301F-11D3-BF4B-00C04F79EFBC}") = "Domain", "..\Domain\Domain.csproj", "{A4678AE9-A302-400E-A912-B333702F4884}"
EndProject
Project("{FAE04EC0-301F-11D3-BF4B-00C04F79EFBC}") = "Testing", "..\Testing\Testing.csproj", "{A58D6A28-E67B-4D9C-9973-17F9A3B713C5}"
EndProject
Global
	GlobalSection(SolutionConfigurationPlatforms) = preSolution
		Debug|Any CPU = Debug|Any CPU
		Release|Any CPU = Release|Any CPU
	EndGlobalSection
	GlobalSection(ProjectConfigurationPlatforms) = postSolution
		{9754BF38-9800-4FA8-B069-835CD9D0E4D6}.Debug|Any CPU.ActiveCfg = Debug|Any CPU
		{9754BF38-9800-4FA8-B069-835CD9D0E4D6}.Debug|Any CPU.Build.0 = Debug|Any CPU
		{9754BF38-9800-4FA8-B069-835CD9D0E4D6}.Release|Any CPU.ActiveCfg = Release|Any CPU
		{9754BF38-9800-4FA8-B069-835CD9D0E4D6}.Release|Any CPU.Build.0 = Release|Any CPU
		{4F2C3232-0C46-494E-8911-E58C11B78500}.Debug|Any CPU.ActiveCfg = Debug|Any CPU
		{4F2C3232-0C46-494E-8911-E58C11B78500}.Debug|Any CPU.Build.0 = Debug|Any CPU
		{4F2C3232-0C46-494E-8911-E58C11B78500}.Release|Any CPU.ActiveCfg = Release|Any CPU
		{4F2C3232-0C46-494E-8911-E58C11B78500}.Release|Any CPU.Build.0 = Release|Any CPU
		{A4678AE9-A302-400E-A912-B333702F4884}.Debug|Any CPU.ActiveCfg = Debug|Any CPU
		{A4678AE9-A302-400E-A912-B333702F4884}.Debug|Any CPU.Build.0 = Debug|Any CPU
		{A4678AE9-A302-400E-A912-B333702F4884}.Release|Any CPU.ActiveCfg = Release|Any CPU
		{A4678AE9-A302-400E-A912-B333702F4884}.Release|Any CPU.Build.0 = Release|Any CPU
		{A58D6A28-E67B-4D9C-9973-17F9A3B713C5}.Debug|Any CPU.ActiveCfg = Debug|Any CPU
		{A58D6A28-E67B-4D9C-9973-17F9A3B713C5}.Debug|Any CPU.Build.0 = Debug|Any CPU
		{A58D6A28-E67B-4D9C-9973-17F9A3B713C5}.Release|Any CPU.ActiveCfg = Release|Any CPU
		{A58D6A28-E67B-4D9C-9973-17F9A3B713C5}.Release|Any CPU.Build.0 = Release|Any CPU
	EndGlobalSection
	GlobalSection(SolutionProperties) = preSolution
		HideSolutionNode = FALSE
	EndGlobalSection
	GlobalSection(ExtensibilityGlobals) = postSolution
		SolutionGuid = {C93D642F-F626-4F76-80BB-AEBD7E30FDCE}
	EndGlobalSection
EndGlobal
